
Microsoft Visual Studio Solution File, Format Version 12.00
# Visual Studio Version 17
VisualStudioVersion = 17.14.36804.6
MinimumVisualStudioVersion = 10.0.40219.1
Project("{FAE04EC0-301F-11D3-BF4B-00C04F79EFBC}") = "TaskManagement.Application", "TaskManagement.Application\TaskManagement.Application.csproj", "{6A02FB7F-2989-4015-8BA5-2672E8116E5A}"
EndProject
Project("{FAE04EC0-301F-11D3-BF4B-00C04F79EFBC}") = "TaskManagement.Infrastructure", "TaskManagement.Infrastructure\TaskManagement.Infrastructure.csproj", "{FBDD6855-667A-428C-A15F-F734BF49E727}"
EndProject
Project("{FAE04EC0-301F-11D3-BF4B-00C04F79EFBC}") = "TaskManagement.Domain", "TaskManagement.Domain\TaskManagement.Domain.csproj", "{0B576B31-CCDE-4CDD-B7BE-179A3E244F59}"
EndProject
Project("{FAE04EC0-301F-11D3-BF4B-00C04F79EFBC}") = "TaskManagement.API", "TaskManagement.API\TaskManagement.API.csproj", "{5B0405E0-47B4-8CC4-6310-BD0C14486A41}"
EndProject
Global
	GlobalSection(SolutionConfigurationPlatforms) = preSolution
		Debug|Any CPU = Debug|Any CPU
		Release|Any CPU = Release|Any CPU
	EndGlobalSection
	GlobalSection(ProjectConfigurationPlatforms) = postSolution
		{6A02FB7F-2989-4015-8BA5-2672E8116E5A}.Debug|Any CPU.ActiveCfg = Debug|Any CPU
		{6A02FB7F-2989-4015-8BA5-2672E8116E5A}.Debug|Any CPU.Build.0 = Debug|Any CPU
		{6A02FB7F-2989-4015-8BA5-2672E8116E5A}.Release|Any CPU.ActiveCfg = Release|Any CPU
		{6A02FB7F-2989-4015-8BA5-2672E8116E5A}.Release|Any CPU.Build.0 = Release|Any CPU
		{FBDD6855-667A-428C-A15F-F734BF49E727}.Debug|Any CPU.ActiveCfg = Debug|Any CPU
		{FBDD6855-667A-428C-A15F-F734BF49E727}.Debug|Any CPU.Build.0 = Debug|Any CPU
		{FBDD6855-667A-428C-A15F-F734BF49E727}.Release|Any CPU.ActiveCfg = Release|Any CPU
		{FBDD6855-667A-428C-A15F-F734BF49E727}.Release|Any CPU.Build.0 = Release|Any CPU
		{0B576B31-CCDE-4CDD-B7BE-179A3E244F59}.Debug|Any CPU.ActiveCfg = Debug|Any CPU
		{0B576B31-CCDE-4CDD-B7BE-179A3E244F59}.Debug|Any CPU.Build.0 = Debug|Any CPU
		{0B576B31-CCDE-4CDD-B7BE-179A3E244F59}.Release|Any CPU.ActiveCfg = Release|Any CPU
		{0B576B31-CCDE-4CDD-B7BE-179A3E244F59}.Release|Any CPU.Build.0 = Release|Any CPU
		{5B0405E0-47B4-8CC4-6310-BD0C14486A41}.Debug|Any CPU.ActiveCfg = Debug|Any CPU
		{5B0405E0-47B4-8CC4-6310-BD0C14486A41}.Debug|Any CPU.Build.0 = Debug|Any CPU
		{5B0405E0-47B4-8CC4-6310-BD0C14486A41}.Release|Any CPU.ActiveCfg = Release|Any CPU
		{5B0405E0-47B4-8CC4-6310-BD0C14486A41}.Release|Any CPU.Build.0 = Release|Any CPU
	EndGlobalSection
	GlobalSection(SolutionProperties) = preSolution
		HideSolutionNode = FALSE
	EndGlobalSection
	GlobalSection(ExtensibilityGlobals) = postSolution
		SolutionGuid = {DCEE15FD-633D-4586-8D4E-074DE75BA3AC}
	EndGlobalSection
EndGlobal
